
Microsoft Visual Studio Solution File, Format Version 11.00
# Visual Studio 2010
Project("{FAE04EC0-301F-11D3-BF4B-00C04F79EFBC}") = "MoreMountains.Feedbacks.MMTools", "MoreMountains.Feedbacks.MMTools.csproj", "{a5b20aec-6b6d-e7c0-1cb6-2095f569d7d3}"
EndProject
Project("{FAE04EC0-301F-11D3-BF4B-00C04F79EFBC}") = "MoreMountains.Interface", "MoreMountains.Interface.csproj", "{9438e1fe-840f-7e83-4040-0c546efca1f7}"
EndProject
Project("{FAE04EC0-301F-11D3-BF4B-00C04F79EFBC}") = "MoreMountains.Feedbacks", "MoreMountains.Feedbacks.csproj", "{8c7f4467-ea80-f695-4d9f-53c1331394a5}"
EndProject
Project("{FAE04EC0-301F-11D3-BF4B-00C04F79EFBC}") = "MoreMountains.CorgiEngine", "MoreMountains.CorgiEngine.csproj", "{461c527c-6d26-486d-2a48-9fb459890274}"
EndProject
Project("{FAE04EC0-301F-11D3-BF4B-00C04F79EFBC}") = "MoreMountains.Tools", "MoreMountains.Tools.csproj", "{ed0a8503-ffb5-f8d4-7a4b-a70a76f77adb}"
EndProject
Project("{FAE04EC0-301F-11D3-BF4B-00C04F79EFBC}") = "MoreMountains.Feedbacks.NiceVibrations", "MoreMountains.Feedbacks.NiceVibrations.csproj", "{feb807e2-3e00-c649-2e05-5aa0dcdeb474}"
EndProject
Project("{FAE04EC0-301F-11D3-BF4B-00C04F79EFBC}") = "MoreMountains.InventoryEngine", "MoreMountains.InventoryEngine.csproj", "{37a30cb4-0551-88e4-0b26-4778b4f721e5}"
EndProject
Project("{FAE04EC0-301F-11D3-BF4B-00C04F79EFBC}") = "MoreMountains.Feedbacks.URP", "MoreMountains.Feedbacks.URP.csproj", "{4ad9f574-f76b-bcde-d8e8-8b6e765e93e6}"
EndProject
Project("{FAE04EC0-301F-11D3-BF4B-00C04F79EFBC}") = "MoreMountains.Feedbacks.HDRP", "MoreMountains.Feedbacks.HDRP.csproj", "{d61bc0e5-fc7d-099e-56d6-f1c4e2a42cfa}"
EndProject
Project("{FAE04EC0-301F-11D3-BF4B-00C04F79EFBC}") = "MoreMountains.Feedbacks.TextMeshPro", "MoreMountains.Feedbacks.TextMeshPro.csproj", "{7a25d7aa-7f56-6381-1af2-77a9bf083f8c}"
EndProject
Project("{FAE04EC0-301F-11D3-BF4B-00C04F79EFBC}") = "MoreMountains.Feedbacks.PostProcessing", "MoreMountains.Feedbacks.PostProcessing.csproj", "{36d45e6e-333d-a713-9e58-7c5d0bbbceca}"
EndProject
Project("{FAE04EC0-301F-11D3-BF4B-00C04F79EFBC}") = "MoreMountains.Feedbacks.Cinemachine", "MoreMountains.Feedbacks.Cinemachine.csproj", "{e6e8c9f5-3991-ed4f-36f8-3106bc561dc2}"
EndProject
Project("{FAE04EC0-301F-11D3-BF4B-00C04F79EFBC}") = "Assembly-CSharp", "Assembly-CSharp.csproj", "{e6bdc332-25e1-2831-82c1-25d0441455a3}"
EndProject
Project("{FAE04EC0-301F-11D3-BF4B-00C04F79EFBC}") = "MoreMountains.Tools.Editor", "MoreMountains.Tools.Editor.csproj", "{b2db0da4-e67b-d6f5-86aa-54cb8ca8f11f}"
EndProject
Project("{FAE04EC0-301F-11D3-BF4B-00C04F79EFBC}") = "MoreMountains.InventoryEngine.Editor", "MoreMountains.InventoryEngine.Editor.csproj", "{57116fb4-ff91-11b5-2487-b8785b36c833}"
EndProject
Project("{FAE04EC0-301F-11D3-BF4B-00C04F79EFBC}") = "MoreMountains.Feedbacks.Editor", "MoreMountains.Feedbacks.Editor.csproj", "{debc3c97-8fd0-354a-e508-5f6ee2c0a721}"
EndProject
Project("{FAE04EC0-301F-11D3-BF4B-00C04F79EFBC}") = "MoreMountains.CorgiEngine.Editor", "MoreMountains.CorgiEngine.Editor.csproj", "{0256434b-e883-c5e1-4108-ac00ca83b790}"
EndProject
Project("{FAE04EC0-301F-11D3-BF4B-00C04F79EFBC}") = "MoreMountains.Interface.Editor", "MoreMountains.Interface.Editor.csproj", "{9607f251-6704-6717-d6f3-4dd93ae6f289}"
EndProject
Global
	GlobalSection(SolutionConfigurationPlatforms) = preSolution
		Debug|Any CPU = Debug|Any CPU
	EndGlobalSection
	GlobalSection(ProjectConfigurationPlatforms) = postSolution
		{a5b20aec-6b6d-e7c0-1cb6-2095f569d7d3}.Debug|Any CPU.ActiveCfg = Debug|Any CPU
		{a5b20aec-6b6d-e7c0-1cb6-2095f569d7d3}.Debug|Any CPU.Build.0 = Debug|Any CPU
		{9438e1fe-840f-7e83-4040-0c546efca1f7}.Debug|Any CPU.ActiveCfg = Debug|Any CPU
		{9438e1fe-840f-7e83-4040-0c546efca1f7}.Debug|Any CPU.Build.0 = Debug|Any CPU
		{8c7f4467-ea80-f695-4d9f-53c1331394a5}.Debug|Any CPU.ActiveCfg = Debug|Any CPU
		{8c7f4467-ea80-f695-4d9f-53c1331394a5}.Debug|Any CPU.Build.0 = Debug|Any CPU
		{461c527c-6d26-486d-2a48-9fb459890274}.Debug|Any CPU.ActiveCfg = Debug|Any CPU
		{461c527c-6d26-486d-2a48-9fb459890274}.Debug|Any CPU.Build.0 = Debug|Any CPU
		{ed0a8503-ffb5-f8d4-7a4b-a70a76f77adb}.Debug|Any CPU.ActiveCfg = Debug|Any CPU
		{ed0a8503-ffb5-f8d4-7a4b-a70a76f77adb}.Debug|Any CPU.Build.0 = Debug|Any CPU
		{feb807e2-3e00-c649-2e05-5aa0dcdeb474}.Debug|Any CPU.ActiveCfg = Debug|Any CPU
		{feb807e2-3e00-c649-2e05-5aa0dcdeb474}.Debug|Any CPU.Build.0 = Debug|Any CPU
		{37a30cb4-0551-88e4-0b26-4778b4f721e5}.Debug|Any CPU.ActiveCfg = Debug|Any CPU
		{37a30cb4-0551-88e4-0b26-4778b4f721e5}.Debug|Any CPU.Build.0 = Debug|Any CPU
		{4ad9f574-f76b-bcde-d8e8-8b6e765e93e6}.Debug|Any CPU.ActiveCfg = Debug|Any CPU
		{4ad9f574-f76b-bcde-d8e8-8b6e765e93e6}.Debug|Any CPU.Build.0 = Debug|Any CPU
		{d61bc0e5-fc7d-099e-56d6-f1c4e2a42cfa}.Debug|Any CPU.ActiveCfg = Debug|Any CPU
		{d61bc0e5-fc7d-099e-56d6-f1c4e2a42cfa}.Debug|Any CPU.Build.0 = Debug|Any CPU
		{7a25d7aa-7f56-6381-1af2-77a9bf083f8c}.Debug|Any CPU.ActiveCfg = Debug|Any CPU
		{7a25d7aa-7f56-6381-1af2-77a9bf083f8c}.Debug|Any CPU.Build.0 = Debug|Any CPU
		{36d45e6e-333d-a713-9e58-7c5d0bbbceca}.Debug|Any CPU.ActiveCfg = Debug|Any CPU
		{36d45e6e-333d-a713-9e58-7c5d0bbbceca}.Debug|Any CPU.Build.0 = Debug|Any CPU
		{e6e8c9f5-3991-ed4f-36f8-3106bc561dc2}.Debug|Any CPU.ActiveCfg = Debug|Any CPU
		{e6e8c9f5-3991-ed4f-36f8-3106bc561dc2}.Debug|Any CPU.Build.0 = Debug|Any CPU
		{e6bdc332-25e1-2831-82c1-25d0441455a3}.Debug|Any CPU.ActiveCfg = Debug|Any CPU
		{e6bdc332-25e1-2831-82c1-25d0441455a3}.Debug|Any CPU.Build.0 = Debug|Any CPU
		{b2db0da4-e67b-d6f5-86aa-54cb8ca8f11f}.Debug|Any CPU.ActiveCfg = Debug|Any CPU
		{b2db0da4-e67b-d6f5-86aa-54cb8ca8f11f}.Debug|Any CPU.Build.0 = Debug|Any CPU
		{57116fb4-ff91-11b5-2487-b8785b36c833}.Debug|Any CPU.ActiveCfg = Debug|Any CPU
		{57116fb4-ff91-11b5-2487-b8785b36c833}.Debug|Any CPU.Build.0 = Debug|Any CPU
		{debc3c97-8fd0-354a-e508-5f6ee2c0a721}.Debug|Any CPU.ActiveCfg = Debug|Any CPU
		{debc3c97-8fd0-354a-e508-5f6ee2c0a721}.Debug|Any CPU.Build.0 = Debug|Any CPU
		{0256434b-e883-c5e1-4108-ac00ca83b790}.Debug|Any CPU.ActiveCfg = Debug|Any CPU
		{0256434b-e883-c5e1-4108-ac00ca83b790}.Debug|Any CPU.Build.0 = Debug|Any CPU
		{9607f251-6704-6717-d6f3-4dd93ae6f289}.Debug|Any CPU.ActiveCfg = Debug|Any CPU
		{9607f251-6704-6717-d6f3-4dd93ae6f289}.Debug|Any CPU.Build.0 = Debug|Any CPU
	EndGlobalSection
	GlobalSection(SolutionProperties) = preSolution
		HideSolutionNode = FALSE
	EndGlobalSection
EndGlobal
